
Microsoft Visual Studio Solution File, Format Version 12.00
# Visual Studio Version 16
VisualStudioVersion = 16.0.29609.76
MinimumVisualStudioVersion = 10.0.40219.1
Project("{FAE04EC0-301F-11D3-BF4B-00C04F79EFBC}") = "HydroHomie", "HydroHomie.csproj", "{AA287D9F-48F4-4108-8D16-5A1D41FD5E4F}"
EndProject
Global
	GlobalSection(SolutionConfigurationPlatforms) = preSolution
		Debug|Any CPU = Debug|Any CPU
		Release|Any CPU = Release|Any CPU
	EndGlobalSection
	GlobalSection(ProjectConfigurationPlatforms) = postSolution
		{AA287D9F-48F4-4108-8D16-5A1D41FD5E4F}.Debug|Any CPU.ActiveCfg = Debug|Any CPU
		{AA287D9F-48F4-4108-8D16-5A1D41FD5E4F}.Debug|Any CPU.Build.0 = Debug|Any CPU
		{AA287D9F-48F4-4108-8D16-5A1D41FD5E4F}.Release|Any CPU.ActiveCfg = Release|Any CPU
		{AA287D9F-48F4-4108-8D16-5A1D41FD5E4F}.Release|Any CPU.Build.0 = Release|Any CPU
	EndGlobalSection
	GlobalSection(SolutionProperties) = preSolution
		HideSolutionNode = FALSE
	EndGlobalSection
	GlobalSection(ExtensibilityGlobals) = postSolution
		SolutionGuid = {016067C1-F3EE-4707-A57D-BF46DC2E4F7F}
	EndGlobalSection
EndGlobal
